
Microsoft Visual Studio Solution File, Format Version 12.00
# Visual Studio Version 17
VisualStudioVersion = 17.0.31903.59
MinimumVisualStudioVersion = 10.0.40219.1
Project("{2150E333-8FDC-42A3-9474-1A3956D46DE8}") = "src", "src", "{86792942-23E4-4399-BB4A-106EEFDEE123}"
EndProject
Project("{FAE04EC0-301F-11D3-BF4B-00C04F79EFBC}") = "Pophub.Domain", "src\Core\Pophub.Domain\Pophub.Domain.csproj", "{FBFB3217-9BBD-45E9-B960-FF9AC33DB619}"
EndProject
Project("{FAE04EC0-301F-11D3-BF4B-00C04F79EFBC}") = "Pophub.Application", "src\Core\Pophub.Application\Pophub.Application.csproj", "{CB9CB2CB-5A35-4210-B21A-5832E76EE926}"
EndProject
Project("{FAE04EC0-301F-11D3-BF4B-00C04F79EFBC}") = "Pophub.Persistence", "src\Infrastructure\Pophub.Persistence\Pophub.Persistence.csproj", "{4DD906DD-370E-43C1-8ADD-D3411FE07009}"
EndProject
Project("{FAE04EC0-301F-11D3-BF4B-00C04F79EFBC}") = "Pophub.API", "src\Web\Pophub.API\Pophub.API.csproj", "{D74E2CBB-8344-4765-A17F-A51DF2BA8D86}"
EndProject
Project("{2150E333-8FDC-42A3-9474-1A3956D46DE8}") = "tests", "tests", "{7DC55D67-F698-4066-9EB7-A73E47AF22F0}"
EndProject
Project("{FAE04EC0-301F-11D3-BF4B-00C04F79EFBC}") = "Pophub.Application.Tests", "tests\Pophub.Application.Tests\Pophub.Application.Tests.csproj", "{867D6C3F-CAFA-40CC-B5AF-D58E6CC099C6}"
EndProject
Project("{FAE04EC0-301F-11D3-BF4B-00C04F79EFBC}") = "Pophub.Domain.Tests", "tests\Pophub.Domain.Tests\Pophub.Domain.Tests.csproj", "{7AA57EEE-3F5C-47B0-913E-18B39D9E0065}"
EndProject
Project("{FAE04EC0-301F-11D3-BF4B-00C04F79EFBC}") = "Pophub.Persistence.Migrations", "src\Infrastructure\Pophub.Persistence.Migrations\Pophub.Persistence.Migrations.csproj", "{462C6AC1-6431-4C01-9ED7-DE07FEFA9438}"
EndProject
Project("{2150E333-8FDC-42A3-9474-1A3956D46DE8}") = "Infrastructure", "Infrastructure", "{9110C592-86A7-41F4-9951-909F955C5752}"
EndProject
Project("{FAE04EC0-301F-11D3-BF4B-00C04F79EFBC}") = "Pophub.Identity", "src\Infrastructure\Pophub.Identity\Pophub.Identity.csproj", "{24F943DE-A530-42F4-9C72-F4F220CD2E0A}"
EndProject
Global
	GlobalSection(SolutionConfigurationPlatforms) = preSolution
		Debug|Any CPU = Debug|Any CPU
		Release|Any CPU = Release|Any CPU
	EndGlobalSection
	GlobalSection(SolutionProperties) = preSolution
		HideSolutionNode = FALSE
	EndGlobalSection
	GlobalSection(ProjectConfigurationPlatforms) = postSolution
		{FBFB3217-9BBD-45E9-B960-FF9AC33DB619}.Debug|Any CPU.ActiveCfg = Debug|Any CPU
		{FBFB3217-9BBD-45E9-B960-FF9AC33DB619}.Debug|Any CPU.Build.0 = Debug|Any CPU
		{FBFB3217-9BBD-45E9-B960-FF9AC33DB619}.Release|Any CPU.ActiveCfg = Release|Any CPU
		{FBFB3217-9BBD-45E9-B960-FF9AC33DB619}.Release|Any CPU.Build.0 = Release|Any CPU
		{CB9CB2CB-5A35-4210-B21A-5832E76EE926}.Debug|Any CPU.ActiveCfg = Debug|Any CPU
		{CB9CB2CB-5A35-4210-B21A-5832E76EE926}.Debug|Any CPU.Build.0 = Debug|Any CPU
		{CB9CB2CB-5A35-4210-B21A-5832E76EE926}.Release|Any CPU.ActiveCfg = Release|Any CPU
		{CB9CB2CB-5A35-4210-B21A-5832E76EE926}.Release|Any CPU.Build.0 = Release|Any CPU
		{4DD906DD-370E-43C1-8ADD-D3411FE07009}.Debug|Any CPU.ActiveCfg = Debug|Any CPU
		{4DD906DD-370E-43C1-8ADD-D3411FE07009}.Debug|Any CPU.Build.0 = Debug|Any CPU
		{4DD906DD-370E-43C1-8ADD-D3411FE07009}.Release|Any CPU.ActiveCfg = Release|Any CPU
		{4DD906DD-370E-43C1-8ADD-D3411FE07009}.Release|Any CPU.Build.0 = Release|Any CPU
		{D74E2CBB-8344-4765-A17F-A51DF2BA8D86}.Debug|Any CPU.ActiveCfg = Debug|Any CPU
		{D74E2CBB-8344-4765-A17F-A51DF2BA8D86}.Debug|Any CPU.Build.0 = Debug|Any CPU
		{D74E2CBB-8344-4765-A17F-A51DF2BA8D86}.Release|Any CPU.ActiveCfg = Release|Any CPU
		{D74E2CBB-8344-4765-A17F-A51DF2BA8D86}.Release|Any CPU.Build.0 = Release|Any CPU
		{867D6C3F-CAFA-40CC-B5AF-D58E6CC099C6}.Debug|Any CPU.ActiveCfg = Debug|Any CPU
		{867D6C3F-CAFA-40CC-B5AF-D58E6CC099C6}.Debug|Any CPU.Build.0 = Debug|Any CPU
		{867D6C3F-CAFA-40CC-B5AF-D58E6CC099C6}.Release|Any CPU.ActiveCfg = Release|Any CPU
		{867D6C3F-CAFA-40CC-B5AF-D58E6CC099C6}.Release|Any CPU.Build.0 = Release|Any CPU
		{7AA57EEE-3F5C-47B0-913E-18B39D9E0065}.Debug|Any CPU.ActiveCfg = Debug|Any CPU
		{7AA57EEE-3F5C-47B0-913E-18B39D9E0065}.Debug|Any CPU.Build.0 = Debug|Any CPU
		{7AA57EEE-3F5C-47B0-913E-18B39D9E0065}.Release|Any CPU.ActiveCfg = Release|Any CPU
		{7AA57EEE-3F5C-47B0-913E-18B39D9E0065}.Release|Any CPU.Build.0 = Release|Any CPU
		{462C6AC1-6431-4C01-9ED7-DE07FEFA9438}.Debug|Any CPU.ActiveCfg = Debug|Any CPU
		{462C6AC1-6431-4C01-9ED7-DE07FEFA9438}.Debug|Any CPU.Build.0 = Debug|Any CPU
		{462C6AC1-6431-4C01-9ED7-DE07FEFA9438}.Release|Any CPU.ActiveCfg = Release|Any CPU
		{462C6AC1-6431-4C01-9ED7-DE07FEFA9438}.Release|Any CPU.Build.0 = Release|Any CPU
		{24F943DE-A530-42F4-9C72-F4F220CD2E0A}.Debug|Any CPU.ActiveCfg = Debug|Any CPU
		{24F943DE-A530-42F4-9C72-F4F220CD2E0A}.Debug|Any CPU.Build.0 = Debug|Any CPU
		{24F943DE-A530-42F4-9C72-F4F220CD2E0A}.Release|Any CPU.ActiveCfg = Release|Any CPU
		{24F943DE-A530-42F4-9C72-F4F220CD2E0A}.Release|Any CPU.Build.0 = Release|Any CPU
	EndGlobalSection
	GlobalSection(NestedProjects) = preSolution
		{FBFB3217-9BBD-45E9-B960-FF9AC33DB619} = {86792942-23E4-4399-BB4A-106EEFDEE123}
		{CB9CB2CB-5A35-4210-B21A-5832E76EE926} = {86792942-23E4-4399-BB4A-106EEFDEE123}
		{4DD906DD-370E-43C1-8ADD-D3411FE07009} = {86792942-23E4-4399-BB4A-106EEFDEE123}
		{D74E2CBB-8344-4765-A17F-A51DF2BA8D86} = {86792942-23E4-4399-BB4A-106EEFDEE123}
		{867D6C3F-CAFA-40CC-B5AF-D58E6CC099C6} = {7DC55D67-F698-4066-9EB7-A73E47AF22F0}
		{7AA57EEE-3F5C-47B0-913E-18B39D9E0065} = {7DC55D67-F698-4066-9EB7-A73E47AF22F0}
		{462C6AC1-6431-4C01-9ED7-DE07FEFA9438} = {86792942-23E4-4399-BB4A-106EEFDEE123}
		{9110C592-86A7-41F4-9951-909F955C5752} = {86792942-23E4-4399-BB4A-106EEFDEE123}
		{24F943DE-A530-42F4-9C72-F4F220CD2E0A} = {9110C592-86A7-41F4-9951-909F955C5752}
		{462C6AC1-6431-4C01-9ED7-DE07FEFA9438} = {9110C592-86A7-41F4-9951-909F955C5752}
		{4DD906DD-370E-43C1-8ADD-D3411FE07009} = {9110C592-86A7-41F4-9951-909F955C5752}
	EndGlobalSection
EndGlobal
